
Microsoft Visual Studio Solution File, Format Version 12.00
# Visual Studio Version 16
VisualStudioVersion = 16.0.29728.190
MinimumVisualStudioVersion = 10.0.40219.1
Project("{FAE04EC0-301F-11D3-BF4B-00C04F79EFBC}") = "nav_practice", "nav_practice\nav_practice.csproj", "{4F824818-1A7A-4E46-971C-FBB0B2AC95B6}"
EndProject
Global
	GlobalSection(SolutionConfigurationPlatforms) = preSolution
		Debug|Any CPU = Debug|Any CPU
		Release|Any CPU = Release|Any CPU
	EndGlobalSection
	GlobalSection(ProjectConfigurationPlatforms) = postSolution
		{4F824818-1A7A-4E46-971C-FBB0B2AC95B6}.Debug|Any CPU.ActiveCfg = Debug|Any CPU
		{4F824818-1A7A-4E46-971C-FBB0B2AC95B6}.Debug|Any CPU.Build.0 = Debug|Any CPU
		{4F824818-1A7A-4E46-971C-FBB0B2AC95B6}.Debug|Any CPU.Deploy.0 = Debug|Any CPU
		{4F824818-1A7A-4E46-971C-FBB0B2AC95B6}.Release|Any CPU.ActiveCfg = Release|Any CPU
		{4F824818-1A7A-4E46-971C-FBB0B2AC95B6}.Release|Any CPU.Build.0 = Release|Any CPU
		{4F824818-1A7A-4E46-971C-FBB0B2AC95B6}.Release|Any CPU.Deploy.0 = Release|Any CPU
	EndGlobalSection
	GlobalSection(SolutionProperties) = preSolution
		HideSolutionNode = FALSE
	EndGlobalSection
	GlobalSection(ExtensibilityGlobals) = postSolution
		SolutionGuid = {170D29E2-53A8-43DF-950F-1868B2E56593}
	EndGlobalSection
EndGlobal
